{
  "name": "deployment-retry-api",
  "version": "1.0.0",
  "lockfileVersion": 3,
  "requires": true,
  "packages": {
    "": {
      "name": "deployment-retry-api",
      "version": "1.0.0",
      "dependencies": {
        "uuid": "^14.0.2"
      },
      "engines": {
        "node": ">=16"
      }
    },
    "node_modules/uuid": {
      "version": "14.0.2",
      "resolved": "https://ms-feed-2.pkgs.visualstudio.com/1es-public/_packaging/npm-public/npm/registry/uuid/-/uuid-14.0.2.tgz",
      "integrity": "sha1-1a4D5NsIgchycfiwub1zEtAseZo=",
      "funding": [
        "https://github.com/sponsors/broofa",
        "https://github.com/sponsors/ctavan"
      ],
      "license": "MIT",
      "bin": {
        "uuid": "dist-node/bin/uuid"
      }
    }
  }
}
